// !$*UTF8*$!
{
	archiveVersion = 1;
	classes = {
	};
	objectVersion = 50;
	objects = {

/* Begin PBXBuildFile section */
		3707DB7521AC4BD10017F265 /* EmptyAdapter.m in Sources */ = {isa = PBXBuildFile; fileRef = 3707DB7421AC4BD10017F265 /* EmptyAdapter.m */; };
		3707DB7A21AC54420017F265 /* BaseModel.m in Sources */ = {isa = PBXBuildFile; fileRef = 3707DB7921AC54420017F265 /* BaseModel.m */; };
		3707DB7D21AC54590017F265 /* TextModel.m in Sources */ = {isa = PBXBuildFile; fileRef = 3707DB7C21AC54590017F265 /* TextModel.m */; };
		379156FC21AA7C5F00E2CA0D /* AppDelegate.m in Sources */ = {isa = PBXBuildFile; fileRef = 379156FB21AA7C5F00E2CA0D /* AppDelegate.m */; };
		379156FF21AA7C5F00E2CA0D /* ViewController.m in Sources */ = {isa = PBXBuildFile; fileRef = 379156FE21AA7C5F00E2CA0D /* ViewController.m */; };
		3791570221AA7C5F00E2CA0D /* Main.storyboard in Resources */ = {isa = PBXBuildFile; fileRef = 3791570021AA7C5F00E2CA0D /* Main.storyboard */; };
		3791570421AA7C6000E2CA0D /* Assets.xcassets in Resources */ = {isa = PBXBuildFile; fileRef = 3791570321AA7C6000E2CA0D /* Assets.xcassets */; };
		3791570721AA7C6000E2CA0D /* LaunchScreen.storyboard in Resources */ = {isa = PBXBuildFile; fileRef = 3791570521AA7C6000E2CA0D /* LaunchScreen.storyboard */; };
		3791570A21AA7C6000E2CA0D /* main.m in Sources */ = {isa = PBXBuildFile; fileRef = 3791570921AA7C6000E2CA0D /* main.m */; };
		3791571421AA7C6000E2CA0D /* IGListDemoTests.m in Sources */ = {isa = PBXBuildFile; fileRef = 3791571321AA7C6000E2CA0D /* IGListDemoTests.m */; };
		3791571F21AA7C6000E2CA0D /* IGListDemoUITests.m in Sources */ = {isa = PBXBuildFile; fileRef = 3791571E21AA7C6000E2CA0D /* IGListDemoUITests.m */; };
		3791572E21AA7F8D00E2CA0D /* TextSectionAdapter.m in Sources */ = {isa = PBXBuildFile; fileRef = 3791572D21AA7F8D00E2CA0D /* TextSectionAdapter.m */; };
		3791573121AA7FA200E2CA0D /* ImageSectionAdapter.m in Sources */ = {isa = PBXBuildFile; fileRef = 3791573021AA7FA200E2CA0D /* ImageSectionAdapter.m */; };
		3791573421AA7FB400E2CA0D /* ListSectionAdapter.m in Sources */ = {isa = PBXBuildFile; fileRef = 3791573321AA7FB400E2CA0D /* ListSectionAdapter.m */; };
		3791573721AA7FDA00E2CA0D /* HorizontalSectionAdapter.m in Sources */ = {isa = PBXBuildFile; fileRef = 3791573621AA7FDA00E2CA0D /* HorizontalSectionAdapter.m */; };
		3791573F21AA81D300E2CA0D /* TextViewCell.m in Sources */ = {isa = PBXBuildFile; fileRef = 3791573E21AA81D300E2CA0D /* TextViewCell.m */; };
		3791574221AA81E700E2CA0D /* ImageViewCell.m in Sources */ = {isa = PBXBuildFile; fileRef = 3791574121AA81E700E2CA0D /* ImageViewCell.m */; };
		3791574521AA8C0A00E2CA0D /* ItemSectionAdapter.m in Sources */ = {isa = PBXBuildFile; fileRef = 3791574421AA8C0A00E2CA0D /* ItemSectionAdapter.m */; };
		3791574821AA8FCA00E2CA0D /* ItemSectionCell.m in Sources */ = {isa = PBXBuildFile; fileRef = 3791574721AA8FCA00E2CA0D /* ItemSectionCell.m */; };
		40C7C00D1958A41D96225F8B /* libPods-IGListDemoUITests.a in Frameworks */ = {isa = PBXBuildFile; fileRef = 86770EC3F5AF74E8A3B00765 /* libPods-IGListDemoUITests.a */; };
		B03D0463151BB77EC76E758E /* libPods-IGListDemo.a in Frameworks */ = {isa = PBXBuildFile; fileRef = 43CA4FE9D64F8DEE63ADD20D /* libPods-IGListDemo.a */; };
		C38E94C2C49951E97D471C81 /* libPods-IGListDemoTests.a in Frameworks */ = {isa = PBXBuildFile; fileRef = D13F56ABA695EB1792EC530C /* libPods-IGListDemoTests.a */; };
/* End PBXBuildFile section */

/* Begin PBXContainerItemProxy section */
		3791571021AA7C6000E2CA0D /* PBXContainerItemProxy */ = {
			isa = PBXContainerItemProxy;
			containerPortal = 379156EF21AA7C5F00E2CA0D /* Project object */;
			proxyType = 1;
			remoteGlobalIDString = 379156F621AA7C5F00E2CA0D;
			remoteInfo = IGListDemo;
		};
		3791571B21AA7C6000E2CA0D /* PBXContainerItemProxy */ = {
			isa = PBXContainerItemProxy;
			containerPortal = 379156EF21AA7C5F00E2CA0D /* Project object */;
			proxyType = 1;
			remoteGlobalIDString = 379156F621AA7C5F00E2CA0D;
			remoteInfo = IGListDemo;
		};
/* End PBXContainerItemProxy section */

/* Begin PBXFileReference section */
		0A7775DB5E5A6D5D8A04F02F /* Pods-IGListDemoUITests.release.xcconfig */ = {isa = PBXFileReference; includeInIndex = 1; lastKnownFileType = text.xcconfig; name = "Pods-IGListDemoUITests.release.xcconfig"; path = "Pods/Target Support Files/Pods-IGListDemoUITests/Pods-IGListDemoUITests.release.xcconfig"; sourceTree = "<group>"; };
		0CF43241D91AD2275395CFFD /* Pods-IGListDemo.release.xcconfig */ = {isa = PBXFileReference; includeInIndex = 1; lastKnownFileType = text.xcconfig; name = "Pods-IGListDemo.release.xcconfig"; path = "Pods/Target Support Files/Pods-IGListDemo/Pods-IGListDemo.release.xcconfig"; sourceTree = "<group>"; };
		36095DA96ED5F88836A3FE98 /* Pods-IGListDemoTests.debug.xcconfig */ = {isa = PBXFileReference; includeInIndex = 1; lastKnownFileType = text.xcconfig; name = "Pods-IGListDemoTests.debug.xcconfig"; path = "Pods/Target Support Files/Pods-IGListDemoTests/Pods-IGListDemoTests.debug.xcconfig"; sourceTree = "<group>"; };
		3707DB7321AC4BD10017F265 /* EmptyAdapter.h */ = {isa = PBXFileReference; lastKnownFileType = sourcecode.c.h; path = EmptyAdapter.h; sourceTree = "<group>"; };
		3707DB7421AC4BD10017F265 /* EmptyAdapter.m */ = {isa = PBXFileReference; lastKnownFileType = sourcecode.c.objc; path = EmptyAdapter.m; sourceTree = "<group>"; };
		3707DB7821AC54420017F265 /* BaseModel.h */ = {isa = PBXFileReference; lastKnownFileType = sourcecode.c.h; path = BaseModel.h; sourceTree = "<group>"; };
		3707DB7921AC54420017F265 /* BaseModel.m */ = {isa = PBXFileReference; lastKnownFileType = sourcecode.c.objc; path = BaseModel.m; sourceTree = "<group>"; };
		3707DB7B21AC54590017F265 /* TextModel.h */ = {isa = PBXFileReference; lastKnownFileType = sourcecode.c.h; path = TextModel.h; sourceTree = "<group>"; };
		3707DB7C21AC54590017F265 /* TextModel.m */ = {isa = PBXFileReference; lastKnownFileType = sourcecode.c.objc; path = TextModel.m; sourceTree = "<group>"; };
		379156F721AA7C5F00E2CA0D /* IGListDemo.app */ = {isa = PBXFileReference; explicitFileType = wrapper.application; includeInIndex = 0; path = IGListDemo.app; sourceTree = BUILT_PRODUCTS_DIR; };
		379156FA21AA7C5F00E2CA0D /* AppDelegate.h */ = {isa = PBXFileReference; lastKnownFileType = sourcecode.c.h; path = AppDelegate.h; sourceTree = "<group>"; };
		379156FB21AA7C5F00E2CA0D /* AppDelegate.m */ = {isa = PBXFileReference; lastKnownFileType = sourcecode.c.objc; path = AppDelegate.m; sourceTree = "<group>"; };
		379156FD21AA7C5F00E2CA0D /* ViewController.h */ = {isa = PBXFileReference; lastKnownFileType = sourcecode.c.h; path = ViewController.h; sourceTree = "<group>"; };
		379156FE21AA7C5F00E2CA0D /* ViewController.m */ = {isa = PBXFileReference; lastKnownFileType = sourcecode.c.objc; path = ViewController.m; sourceTree = "<group>"; };
		3791570121AA7C5F00E2CA0D /* Base */ = {isa = PBXFileReference; lastKnownFileType = file.storyboard; name = Base; path = Base.lproj/Main.storyboard; sourceTree = "<group>"; };
		3791570321AA7C6000E2CA0D /* Assets.xcassets */ = {isa = PBXFileReference; lastKnownFileType = folder.assetcatalog; path = Assets.xcassets; sourceTree = "<group>"; };
		3791570621AA7C6000E2CA0D /* Base */ = {isa = PBXFileReference; lastKnownFileType = file.storyboard; name = Base; path = Base.lproj/LaunchScreen.storyboard; sourceTree = "<group>"; };
		3791570821AA7C6000E2CA0D /* Info.plist */ = {isa = PBXFileReference; lastKnownFileType = text.plist.xml; path = Info.plist; sourceTree = "<group>"; };
		3791570921AA7C6000E2CA0D /* main.m */ = {isa = PBXFileReference; lastKnownFileType = sourcecode.c.objc; path = main.m; sourceTree = "<group>"; };
		3791570F21AA7C6000E2CA0D /* IGListDemoTests.xctest */ = {isa = PBXFileReference; explicitFileType = wrapper.cfbundle; includeInIndex = 0; path = IGListDemoTests.xctest; sourceTree = BUILT_PRODUCTS_DIR; };
		3791571321AA7C6000E2CA0D /* IGListDemoTests.m */ = {isa = PBXFileReference; lastKnownFileType = sourcecode.c.objc; path = IGListDemoTests.m; sourceTree = "<group>"; };
		3791571521AA7C6000E2CA0D /* Info.plist */ = {isa = PBXFileReference; lastKnownFileType = text.plist.xml; path = Info.plist; sourceTree = "<group>"; };
		3791571A21AA7C6000E2CA0D /* IGListDemoUITests.xctest */ = {isa = PBXFileReference; explicitFileType = wrapper.cfbundle; includeInIndex = 0; path = IGListDemoUITests.xctest; sourceTree = BUILT_PRODUCTS_DIR; };
		3791571E21AA7C6000E2CA0D /* IGListDemoUITests.m */ = {isa = PBXFileReference; lastKnownFileType = sourcecode.c.objc; path = IGListDemoUITests.m; sourceTree = "<group>"; };
		3791572021AA7C6000E2CA0D /* Info.plist */ = {isa = PBXFileReference; lastKnownFileType = text.plist.xml; path = Info.plist; sourceTree = "<group>"; };
		3791572C21AA7F8D00E2CA0D /* TextSectionAdapter.h */ = {isa = PBXFileReference; lastKnownFileType = sourcecode.c.h; path = TextSectionAdapter.h; sourceTree = "<group>"; };
		3791572D21AA7F8D00E2CA0D /* TextSectionAdapter.m */ = {isa = PBXFileReference; lastKnownFileType = sourcecode.c.objc; path = TextSectionAdapter.m; sourceTree = "<group>"; };
		3791572F21AA7FA200E2CA0D /* ImageSectionAdapter.h */ = {isa = PBXFileReference; lastKnownFileType = sourcecode.c.h; path = ImageSectionAdapter.h; sourceTree = "<group>"; };
		3791573021AA7FA200E2CA0D /* ImageSectionAdapter.m */ = {isa = PBXFileReference; lastKnownFileType = sourcecode.c.objc; path = ImageSectionAdapter.m; sourceTree = "<group>"; };
		3791573221AA7FB400E2CA0D /* ListSectionAdapter.h */ = {isa = PBXFileReference; lastKnownFileType = sourcecode.c.h; path = ListSectionAdapter.h; sourceTree = "<group>"; };
		3791573321AA7FB400E2CA0D /* ListSectionAdapter.m */ = {isa = PBXFileReference; lastKnownFileType = sourcecode.c.objc; path = ListSectionAdapter.m; sourceTree = "<group>"; };
		3791573521AA7FDA00E2CA0D /* HorizontalSectionAdapter.h */ = {isa = PBXFileReference; lastKnownFileType = sourcecode.c.h; path = HorizontalSectionAdapter.h; sourceTree = "<group>"; };
		3791573621AA7FDA00E2CA0D /* HorizontalSectionAdapter.m */ = {isa = PBXFileReference; lastKnownFileType = sourcecode.c.objc; path = HorizontalSectionAdapter.m; sourceTree = "<group>"; };
		3791573D21AA81D300E2CA0D /* TextViewCell.h */ = {isa = PBXFileReference; lastKnownFileType = sourcecode.c.h; path = TextViewCell.h; sourceTree = "<group>"; };
		3791573E21AA81D300E2CA0D /* TextViewCell.m */ = {isa = PBXFileReference; lastKnownFileType = sourcecode.c.objc; path = TextViewCell.m; sourceTree = "<group>"; };
		3791574021AA81E700E2CA0D /* ImageViewCell.h */ = {isa = PBXFileReference; lastKnownFileType = sourcecode.c.h; path = ImageViewCell.h; sourceTree = "<group>"; };
		3791574121AA81E700E2CA0D /* ImageViewCell.m */ = {isa = PBXFileReference; lastKnownFileType = sourcecode.c.objc; path = ImageViewCell.m; sourceTree = "<group>"; };
		3791574321AA8C0A00E2CA0D /* ItemSectionAdapter.h */ = {isa = PBXFileReference; lastKnownFileType = sourcecode.c.h; path = ItemSectionAdapter.h; sourceTree = "<group>"; };
		3791574421AA8C0A00E2CA0D /* ItemSectionAdapter.m */ = {isa = PBXFileReference; lastKnownFileType = sourcecode.c.objc; path = ItemSectionAdapter.m; sourceTree = "<group>"; };
		3791574621AA8FCA00E2CA0D /* ItemSectionCell.h */ = {isa = PBXFileReference; lastKnownFileType = sourcecode.c.h; path = ItemSectionCell.h; sourceTree = "<group>"; };
		3791574721AA8FCA00E2CA0D /* ItemSectionCell.m */ = {isa = PBXFileReference; lastKnownFileType = sourcecode.c.objc; path = ItemSectionCell.m; sourceTree = "<group>"; };
		3A196801AA7AA730D097A499 /* Pods-IGListDemoUITests.debug.xcconfig */ = {isa = PBXFileReference; includeInIndex = 1; lastKnownFileType = text.xcconfig; name = "Pods-IGListDemoUITests.debug.xcconfig"; path = "Pods/Target Support Files/Pods-IGListDemoUITests/Pods-IGListDemoUITests.debug.xcconfig"; sourceTree = "<group>"; };
		3F4C28194B9A03CEEDCB3BD5 /* Pods-IGListDemoTests.release.xcconfig */ = {isa = PBXFileReference; includeInIndex = 1; lastKnownFileType = text.xcconfig; name = "Pods-IGListDemoTests.release.xcconfig"; path = "Pods/Target Support Files/Pods-IGListDemoTests/Pods-IGListDemoTests.release.xcconfig"; sourceTree = "<group>"; };
		43CA4FE9D64F8DEE63ADD20D /* libPods-IGListDemo.a */ = {isa = PBXFileReference; explicitFileType = archive.ar; includeInIndex = 0; path = "libPods-IGListDemo.a"; sourceTree = BUILT_PRODUCTS_DIR; };
		86770EC3F5AF74E8A3B00765 /* libPods-IGListDemoUITests.a */ = {isa = PBXFileReference; explicitFileType = archive.ar; includeInIndex = 0; path = "libPods-IGListDemoUITests.a"; sourceTree = BUILT_PRODUCTS_DIR; };
		D13F56ABA695EB1792EC530C /* libPods-IGListDemoTests.a */ = {isa = PBXFileReference; explicitFileType = archive.ar; includeInIndex = 0; path = "libPods-IGListDemoTests.a"; sourceTree = BUILT_PRODUCTS_DIR; };
		EEB987D9C62E5B0EDD436098 /* Pods-IGListDemo.debug.xcconfig */ = {isa = PBXFileReference; includeInIndex = 1; lastKnownFileType = text.xcconfig; name = "Pods-IGListDemo.debug.xcconfig"; path = "Pods/Target Support Files/Pods-IGListDemo/Pods-IGListDemo.debug.xcconfig"; sourceTree = "<group>"; };
/* End PBXFileReference section */

/* Begin PBXFrameworksBuildPhase section */
		379156F421AA7C5F00E2CA0D /* Frameworks */ = {
			isa = PBXFrameworksBuildPhase;
			buildActionMask = 2147483647;
			files = (
				B03D0463151BB77EC76E758E /* libPods-IGListDemo.a in Frameworks */,
			);
			runOnlyForDeploymentPostprocessing = 0;
		};
		3791570C21AA7C6000E2CA0D /* Frameworks */ = {
			isa = PBXFrameworksBuildPhase;
			buildActionMask = 2147483647;
			files = (
				C38E94C2C49951E97D471C81 /* libPods-IGListDemoTests.a in Frameworks */,
			);
			runOnlyForDeploymentPostprocessing = 0;
		};
		3791571721AA7C6000E2CA0D /* Frameworks */ = {
			isa = PBXFrameworksBuildPhase;
			buildActionMask = 2147483647;
			files = (
				40C7C00D1958A41D96225F8B /* libPods-IGListDemoUITests.a in Frameworks */,
			);
			runOnlyForDeploymentPostprocessing = 0;
		};
/* End PBXFrameworksBuildPhase section */

/* Begin PBXGroup section */
		13E486F033EF87282E9B08D9 /* Frameworks */ = {
			isa = PBXGroup;
			children = (
				43CA4FE9D64F8DEE63ADD20D /* libPods-IGListDemo.a */,
				D13F56ABA695EB1792EC530C /* libPods-IGListDemoTests.a */,
				86770EC3F5AF74E8A3B00765 /* libPods-IGListDemoUITests.a */,
			);
			name = Frameworks;
			sourceTree = "<group>";
		};
		3707DB7721AC54210017F265 /* Model */ = {
			isa = PBXGroup;
			children = (
				3707DB7821AC54420017F265 /* BaseModel.h */,
				3707DB7921AC54420017F265 /* BaseModel.m */,
				3707DB7B21AC54590017F265 /* TextModel.h */,
				3707DB7C21AC54590017F265 /* TextModel.m */,
			);
			path = Model;
			sourceTree = "<group>";
		};
		379156EE21AA7C5F00E2CA0D = {
			isa = PBXGroup;
			children = (
				379156F921AA7C5F00E2CA0D /* IGListDemo */,
				3791571221AA7C6000E2CA0D /* IGListDemoTests */,
				3791571D21AA7C6000E2CA0D /* IGListDemoUITests */,
				379156F821AA7C5F00E2CA0D /* Products */,
				6A1701E8CB7DA3AC5B05F179 /* Pods */,
				13E486F033EF87282E9B08D9 /* Frameworks */,
			);
			sourceTree = "<group>";
		};
		379156F821AA7C5F00E2CA0D /* Products */ = {
			isa = PBXGroup;
			children = (
				379156F721AA7C5F00E2CA0D /* IGListDemo.app */,
				3791570F21AA7C6000E2CA0D /* IGListDemoTests.xctest */,
				3791571A21AA7C6000E2CA0D /* IGListDemoUITests.xctest */,
			);
			name = Products;
			sourceTree = "<group>";
		};
		379156F921AA7C5F00E2CA0D /* IGListDemo */ = {
			isa = PBXGroup;
			children = (
				3707DB7721AC54210017F265 /* Model */,
				3791573921AA80FC00E2CA0D /* Cells */,
				3791573821AA80EB00E2CA0D /* Adapters */,
				379156FA21AA7C5F00E2CA0D /* AppDelegate.h */,
				379156FB21AA7C5F00E2CA0D /* AppDelegate.m */,
				379156FD21AA7C5F00E2CA0D /* ViewController.h */,
				379156FE21AA7C5F00E2CA0D /* ViewController.m */,
				3791570021AA7C5F00E2CA0D /* Main.storyboard */,
				3791570321AA7C6000E2CA0D /* Assets.xcassets */,
				3791570521AA7C6000E2CA0D /* LaunchScreen.storyboard */,
				3791570821AA7C6000E2CA0D /* Info.plist */,
				3791570921AA7C6000E2CA0D /* main.m */,
			);
			path = IGListDemo;
			sourceTree = "<group>";
		};
		3791571221AA7C6000E2CA0D /* IGListDemoTests */ = {
			isa = PBXGroup;
			children = (
				3791571321AA7C6000E2CA0D /* IGListDemoTests.m */,
				3791571521AA7C6000E2CA0D /* Info.plist */,
			);
			path = IGListDemoTests;
			sourceTree = "<group>";
		};
		3791571D21AA7C6000E2CA0D /* IGListDemoUITests */ = {
			isa = PBXGroup;
			children = (
				3791571E21AA7C6000E2CA0D /* IGListDemoUITests.m */,
				3791572021AA7C6000E2CA0D /* Info.plist */,
			);
			path = IGListDemoUITests;
			sourceTree = "<group>";
		};
		3791573821AA80EB00E2CA0D /* Adapters */ = {
			isa = PBXGroup;
			children = (
				3791572C21AA7F8D00E2CA0D /* TextSectionAdapter.h */,
				3791572D21AA7F8D00E2CA0D /* TextSectionAdapter.m */,
				3791572F21AA7FA200E2CA0D /* ImageSectionAdapter.h */,
				3791573021AA7FA200E2CA0D /* ImageSectionAdapter.m */,
				3791573221AA7FB400E2CA0D /* ListSectionAdapter.h */,
				3791573321AA7FB400E2CA0D /* ListSectionAdapter.m */,
				3791573521AA7FDA00E2CA0D /* HorizontalSectionAdapter.h */,
				3791573621AA7FDA00E2CA0D /* HorizontalSectionAdapter.m */,
				3791574321AA8C0A00E2CA0D /* ItemSectionAdapter.h */,
				3791574421AA8C0A00E2CA0D /* ItemSectionAdapter.m */,
				3707DB7321AC4BD10017F265 /* EmptyAdapter.h */,
				3707DB7421AC4BD10017F265 /* EmptyAdapter.m */,
			);
			path = Adapters;
			sourceTree = "<group>";
		};
		3791573921AA80FC00E2CA0D /* Cells */ = {
			isa = PBXGroup;
			children = (
				3791573D21AA81D300E2CA0D /* TextViewCell.h */,
				3791573E21AA81D300E2CA0D /* TextViewCell.m */,
				3791574021AA81E700E2CA0D /* ImageViewCell.h */,
				3791574121AA81E700E2CA0D /* ImageViewCell.m */,
				3791574621AA8FCA00E2CA0D /* ItemSectionCell.h */,
				3791574721AA8FCA00E2CA0D /* ItemSectionCell.m */,
			);
			path = Cells;
			sourceTree = "<group>";
		};
		6A1701E8CB7DA3AC5B05F179 /* Pods */ = {
			isa = PBXGroup;
			children = (
				EEB987D9C62E5B0EDD436098 /* Pods-IGListDemo.debug.xcconfig */,
				0CF43241D91AD2275395CFFD /* Pods-IGListDemo.release.xcconfig */,
				36095DA96ED5F88836A3FE98 /* Pods-IGListDemoTests.debug.xcconfig */,
				3F4C28194B9A03CEEDCB3BD5 /* Pods-IGListDemoTests.release.xcconfig */,
				3A196801AA7AA730D097A499 /* Pods-IGListDemoUITests.debug.xcconfig */,
				0A7775DB5E5A6D5D8A04F02F /* Pods-IGListDemoUITests.release.xcconfig */,
			);
			name = Pods;
			sourceTree = "<group>";
		};
/* End PBXGroup section */

/* Begin PBXNativeTarget section */
		379156F621AA7C5F00E2CA0D /* IGListDemo */ = {
			isa = PBXNativeTarget;
			buildConfigurationList = 3791572321AA7C6000E2CA0D /* Build configuration list for PBXNativeTarget "IGListDemo" */;
			buildPhases = (
				F39D2E88B38BD02228E46605 /* [CP] Check Pods Manifest.lock */,
				379156F321AA7C5F00E2CA0D /* Sources */,
				379156F421AA7C5F00E2CA0D /* Frameworks */,
				379156F521AA7C5F00E2CA0D /* Resources */,
			);
			buildRules = (
			);
			dependencies = (
			);
			name = IGListDemo;
			productName = IGListDemo;
			productReference = 379156F721AA7C5F00E2CA0D /* IGListDemo.app */;
			productType = "com.apple.product-type.application";
		};
		3791570E21AA7C6000E2CA0D /* IGListDemoTests */ = {
			isa = PBXNativeTarget;
			buildConfigurationList = 3791572621AA7C6000E2CA0D /* Build configuration list for PBXNativeTarget "IGListDemoTests" */;
			buildPhases = (
				0EB69A680571E3D92EDBDB38 /* [CP] Check Pods Manifest.lock */,
				3791570B21AA7C6000E2CA0D /* Sources */,
				3791570C21AA7C6000E2CA0D /* Frameworks */,
				3791570D21AA7C6000E2CA0D /* Resources */,
			);
			buildRules = (
			);
			dependencies = (
				3791571121AA7C6000E2CA0D /* PBXTargetDependency */,
			);
			name = IGListDemoTests;
			productName = IGListDemoTests;
			productReference = 3791570F21AA7C6000E2CA0D /* IGListDemoTests.xctest */;
			productType = "com.apple.product-type.bundle.unit-test";
		};
		3791571921AA7C6000E2CA0D /* IGListDemoUITests */ = {
			isa = PBXNativeTarget;
			buildConfigurationList = 3791572921AA7C6000E2CA0D /* Build configuration list for PBXNativeTarget "IGListDemoUITests" */;
			buildPhases = (
				D78A50CB69C93DC4C8824CC0 /* [CP] Check Pods Manifest.lock */,
				3791571621AA7C6000E2CA0D /* Sources */,
				3791571721AA7C6000E2CA0D /* Frameworks */,
				3791571821AA7C6000E2CA0D /* Resources */,
			);
			buildRules = (
			);
			dependencies = (
				3791571C21AA7C6000E2CA0D /* PBXTargetDependency */,
			);
			name = IGListDemoUITests;
			productName = IGListDemoUITests;
			productReference = 3791571A21AA7C6000E2CA0D /* IGListDemoUITests.xctest */;
			productType = "com.apple.product-type.bundle.ui-testing";
		};
/* End PBXNativeTarget section */

/* Begin PBXProject section */
		379156EF21AA7C5F00E2CA0D /* Project object */ = {
			isa = PBXProject;
			attributes = {
				LastUpgradeCheck = 1010;
				ORGANIZATIONNAME = "陈建蕾";
				TargetAttributes = {
					379156F621AA7C5F00E2CA0D = {
						CreatedOnToolsVersion = 10.1;
					};
					3791570E21AA7C6000E2CA0D = {
						CreatedOnToolsVersion = 10.1;
						TestTargetID = 379156F621AA7C5F00E2CA0D;
					};
					3791571921AA7C6000E2CA0D = {
						CreatedOnToolsVersion = 10.1;
						TestTargetID = 379156F621AA7C5F00E2CA0D;
					};
				};
			};
			buildConfigurationList = 379156F221AA7C5F00E2CA0D /* Build configuration list for PBXProject "IGListDemo" */;
			compatibilityVersion = "Xcode 9.3";
			developmentRegion = en;
			hasScannedForEncodings = 0;
			knownRegions = (
				en,
				Base,
			);
			mainGroup = 379156EE21AA7C5F00E2CA0D;
			productRefGroup = 379156F821AA7C5F00E2CA0D /* Products */;
			projectDirPath = "";
			projectRoot = "";
			targets = (
				379156F621AA7C5F00E2CA0D /* IGListDemo */,
				3791570E21AA7C6000E2CA0D /* IGListDemoTests */,
				3791571921AA7C6000E2CA0D /* IGListDemoUITests */,
			);
		};
/* End PBXProject section */

/* Begin PBXResourcesBuildPhase section */
		379156F521AA7C5F00E2CA0D /* Resources */ = {
			isa = PBXResourcesBuildPhase;
			buildActionMask = 2147483647;
			files = (
				3791570721AA7C6000E2CA0D /* LaunchScreen.storyboard in Resources */,
				3791570421AA7C6000E2CA0D /* Assets.xcassets in Resources */,
				3791570221AA7C5F00E2CA0D /* Main.storyboard in Resources */,
			);
			runOnlyForDeploymentPostprocessing = 0;
		};
		3791570D21AA7C6000E2CA0D /* Resources */ = {
			isa = PBXResourcesBuildPhase;
			buildActionMask = 2147483647;
			files = (
			);
			runOnlyForDeploymentPostprocessing = 0;
		};
		3791571821AA7C6000E2CA0D /* Resources */ = {
			isa = PBXResourcesBuildPhase;
			buildActionMask = 2147483647;
			files = (
			);
			runOnlyForDeploymentPostprocessing = 0;
		};
/* End PBXResourcesBuildPhase section */

/* Begin PBXShellScriptBuildPhase section */
		0EB69A680571E3D92EDBDB38 /* [CP] Check Pods Manifest.lock */ = {
			isa = PBXShellScriptBuildPhase;
			buildActionMask = 2147483647;
			files = (
			);
			inputFileListPaths = (
			);
			inputPaths = (
				"${PODS_PODFILE_DIR_PATH}/Podfile.lock",
				"${PODS_ROOT}/Manifest.lock",
			);
			name = "[CP] Check Pods Manifest.lock";
			outputFileListPaths = (
			);
			outputPaths = (
				"$(DERIVED_FILE_DIR)/Pods-IGListDemoTests-checkManifestLockResult.txt",
			);
			runOnlyForDeploymentPostprocessing = 0;
			shellPath = /bin/sh;
			shellScript = "diff \"${PODS_PODFILE_DIR_PATH}/Podfile.lock\" \"${PODS_ROOT}/Manifest.lock\" > /dev/null\nif [ $? != 0 ] ; then\n    # print error to STDERR\n    echo \"error: The sandbox is not in sync with the Podfile.lock. Run 'pod install' or update your CocoaPods installation.\" >&2\n    exit 1\nfi\n# This output is used by Xcode 'outputs' to avoid re-running this script phase.\necho \"SUCCESS\" > \"${SCRIPT_OUTPUT_FILE_0}\"\n";
			showEnvVarsInLog = 0;
		};
		D78A50CB69C93DC4C8824CC0 /* [CP] Check Pods Manifest.lock */ = {
			isa = PBXShellScriptBuildPhase;
			buildActionMask = 2147483647;
			files = (
			);
			inputFileListPaths = (
			);
			inputPaths = (
				"${PODS_PODFILE_DIR_PATH}/Podfile.lock",
				"${PODS_ROOT}/Manifest.lock",
			);
			name = "[CP] Check Pods Manifest.lock";
			outputFileListPaths = (
			);
			outputPaths = (
				"$(DERIVED_FILE_DIR)/Pods-IGListDemoUITests-checkManifestLockResult.txt",
			);
			runOnlyForDeploymentPostprocessing = 0;
			shellPath = /bin/sh;
			shellScript = "diff \"${PODS_PODFILE_DIR_PATH}/Podfile.lock\" \"${PODS_ROOT}/Manifest.lock\" > /dev/null\nif [ $? != 0 ] ; then\n    # print error to STDERR\n    echo \"error: The sandbox is not in sync with the Podfile.lock. Run 'pod install' or update your CocoaPods installation.\" >&2\n    exit 1\nfi\n# This output is used by Xcode 'outputs' to avoid re-running this script phase.\necho \"SUCCESS\" > \"${SCRIPT_OUTPUT_FILE_0}\"\n";
			showEnvVarsInLog = 0;
		};
		F39D2E88B38BD02228E46605 /* [CP] Check Pods Manifest.lock */ = {
			isa = PBXShellScriptBuildPhase;
			buildActionMask = 2147483647;
			files = (
			);
			inputFileListPaths = (
			);
			inputPaths = (
				"${PODS_PODFILE_DIR_PATH}/Podfile.lock",
				"${PODS_ROOT}/Manifest.lock",
			);
			name = "[CP] Check Pods Manifest.lock";
			outputFileListPaths = (
			);
			outputPaths = (
				"$(DERIVED_FILE_DIR)/Pods-IGListDemo-checkManifestLockResult.txt",
			);
			runOnlyForDeploymentPostprocessing = 0;
			shellPath = /bin/sh;
			shellScript = "diff \"${PODS_PODFILE_DIR_PATH}/Podfile.lock\" \"${PODS_ROOT}/Manifest.lock\" > /dev/null\nif [ $? != 0 ] ; then\n    # print error to STDERR\n    echo \"error: The sandbox is not in sync with the Podfile.lock. Run 'pod install' or update your CocoaPods installation.\" >&2\n    exit 1\nfi\n# This output is used by Xcode 'outputs' to avoid re-running this script phase.\necho \"SUCCESS\" > \"${SCRIPT_OUTPUT_FILE_0}\"\n";
			showEnvVarsInLog = 0;
		};
/* End PBXShellScriptBuildPhase section */

/* Begin PBXSourcesBuildPhase section */
		379156F321AA7C5F00E2CA0D /* Sources */ = {
			isa = PBXSourcesBuildPhase;
			buildActionMask = 2147483647;
			files = (
				379156FF21AA7C5F00E2CA0D /* ViewController.m in Sources */,
				3791573F21AA81D300E2CA0D /* TextViewCell.m in Sources */,
				3791574821AA8FCA00E2CA0D /* ItemSectionCell.m in Sources */,
				3791570A21AA7C6000E2CA0D /* main.m in Sources */,
				3707DB7D21AC54590017F265 /* TextModel.m in Sources */,
				3791573121AA7FA200E2CA0D /* ImageSectionAdapter.m in Sources */,
				3791573421AA7FB400E2CA0D /* ListSectionAdapter.m in Sources */,
				3791572E21AA7F8D00E2CA0D /* TextSectionAdapter.m in Sources */,
				3707DB7A21AC54420017F265 /* BaseModel.m in Sources */,
				3791574221AA81E700E2CA0D /* ImageViewCell.m in Sources */,
				379156FC21AA7C5F00E2CA0D /* AppDelegate.m in Sources */,
				3707DB7521AC4BD10017F265 /* EmptyAdapter.m in Sources */,
				3791574521AA8C0A00E2CA0D /* ItemSectionAdapter.m in Sources */,
				3791573721AA7FDA00E2CA0D /* HorizontalSectionAdapter.m in Sources */,
			);
			runOnlyForDeploymentPostprocessing = 0;
		};
		3791570B21AA7C6000E2CA0D /* Sources */ = {
			isa = PBXSourcesBuildPhase;
			buildActionMask = 2147483647;
			files = (
				3791571421AA7C6000E2CA0D /* IGListDemoTests.m in Sources */,
			);
			runOnlyForDeploymentPostprocessing = 0;
		};
		3791571621AA7C6000E2CA0D /* Sources */ = {
			isa = PBXSourcesBuildPhase;
			buildActionMask = 2147483647;
			files = (
				3791571F21AA7C6000E2CA0D /* IGListDemoUITests.m in Sources */,
			);
			runOnlyForDeploymentPostprocessing = 0;
		};
/* End PBXSourcesBuildPhase section */

/* Begin PBXTargetDependency section */
		3791571121AA7C6000E2CA0D /* PBXTargetDependency */ = {
			isa = PBXTargetDependency;
			target = 379156F621AA7C5F00E2CA0D /* IGListDemo */;
			targetProxy = 3791571021AA7C6000E2CA0D /* PBXContainerItemProxy */;
		};
		3791571C21AA7C6000E2CA0D /* PBXTargetDependency */ = {
			isa = PBXTargetDependency;
			target = 379156F621AA7C5F00E2CA0D /* IGListDemo */;
			targetProxy = 3791571B21AA7C6000E2CA0D /* PBXContainerItemProxy */;
		};
/* End PBXTargetDependency section */

/* Begin PBXVariantGroup section */
		3791570021AA7C5F00E2CA0D /* Main.storyboard */ = {
			isa = PBXVariantGroup;
			children = (
				3791570121AA7C5F00E2CA0D /* Base */,
			);
			name = Main.storyboard;
			sourceTree = "<group>";
		};
		3791570521AA7C6000E2CA0D /* LaunchScreen.storyboard */ = {
			isa = PBXVariantGroup;
			children = (
				3791570621AA7C6000E2CA0D /* Base */,
			);
			name = LaunchScreen.storyboard;
			sourceTree = "<group>";
		};
/* End PBXVariantGroup section */

/* Begin XCBuildConfiguration section */
		3791572121AA7C6000E2CA0D /* Debug */ = {
			isa = XCBuildConfiguration;
			buildSettings = {
				ALWAYS_SEARCH_USER_PATHS = NO;
				CLANG_ANALYZER_NONNULL = YES;
				CLANG_ANALYZER_NUMBER_OBJECT_CONVERSION = YES_AGGRESSIVE;
				CLANG_CXX_LANGUAGE_STANDARD = "gnu++14";
				CLANG_CXX_LIBRARY = "libc++";
				CLANG_ENABLE_MODULES = YES;
				CLANG_ENABLE_OBJC_ARC = YES;
				CLANG_ENABLE_OBJC_WEAK = YES;
				CLANG_WARN_BLOCK_CAPTURE_AUTORELEASING = YES;
				CLANG_WARN_BOOL_CONVERSION = YES;
				CLANG_WARN_COMMA = YES;
				CLANG_WARN_CONSTANT_CONVERSION = YES;
				CLANG_WARN_DEPRECATED_OBJC_IMPLEMENTATIONS = YES;
				CLANG_WARN_DIRECT_OBJC_ISA_USAGE = YES_ERROR;
				CLANG_WARN_DOCUMENTATION_COMMENTS = YES;
				CLANG_WARN_EMPTY_BODY = YES;
				CLANG_WARN_ENUM_CONVERSION = YES;
				CLANG_WARN_INFINITE_RECURSION = YES;
				CLANG_WARN_INT_CONVERSION = YES;
				CLANG_WARN_NON_LITERAL_NULL_CONVERSION = YES;
				CLANG_WARN_OBJC_IMPLICIT_RETAIN_SELF = YES;
				CLANG_WARN_OBJC_LITERAL_CONVERSION = YES;
				CLANG_WARN_OBJC_ROOT_CLASS = YES_ERROR;
				CLANG_WARN_RANGE_LOOP_ANALYSIS = YES;
				CLANG_WARN_STRICT_PROTOTYPES = YES;
				CLANG_WARN_SUSPICIOUS_MOVE = YES;
				CLANG_WARN_UNGUARDED_AVAILABILITY = YES_AGGRESSIVE;
				CLANG_WARN_UNREACHABLE_CODE = YES;
				CLANG_WARN__DUPLICATE_METHOD_MATCH = YES;
				CODE_SIGN_IDENTITY = "iPhone Developer";
				COPY_PHASE_STRIP = NO;
				DEBUG_INFORMATION_FORMAT = dwarf;
				ENABLE_STRICT_OBJC_MSGSEND = YES;
				ENABLE_TESTABILITY = YES;
				GCC_C_LANGUAGE_STANDARD = gnu11;
				GCC_DYNAMIC_NO_PIC = NO;
				GCC_NO_COMMON_BLOCKS = YES;
				GCC_OPTIMIZATION_LEVEL = 0;
				GCC_PREPROCESSOR_DEFINITIONS = (
					"DEBUG=1",
					"$(inherited)",
				);
				GCC_WARN_64_TO_32_BIT_CONVERSION = YES;
				GCC_WARN_ABOUT_RETURN_TYPE = YES_ERROR;
				GCC_WARN_UNDECLARED_SELECTOR = YES;
				GCC_WARN_UNINITIALIZED_AUTOS = YES_AGGRESSIVE;
				GCC_WARN_UNUSED_FUNCTION = YES;
				GCC_WARN_UNUSED_VARIABLE = YES;
				IPHONEOS_DEPLOYMENT_TARGET = 12.1;
				MTL_ENABLE_DEBUG_INFO = INCLUDE_SOURCE;
				MTL_FAST_MATH = YES;
				ONLY_ACTIVE_ARCH = YES;
				SDKROOT = iphoneos;
			};
			name = Debug;
		};
		3791572221AA7C6000E2CA0D /* Release */ = {
			isa = XCBuildConfiguration;
			buildSettings = {
				ALWAYS_SEARCH_USER_PATHS = NO;
				CLANG_ANALYZER_NONNULL = YES;
				CLANG_ANALYZER_NUMBER_OBJECT_CONVERSION = YES_AGGRESSIVE;
				CLANG_CXX_LANGUAGE_STANDARD = "gnu++14";
				CLANG_CXX_LIBRARY = "libc++";
				CLANG_ENABLE_MODULES = YES;
				CLANG_ENABLE_OBJC_ARC = YES;
				CLANG_ENABLE_OBJC_WEAK = YES;
				CLANG_WARN_BLOCK_CAPTURE_AUTORELEASING = YES;
				CLANG_WARN_BOOL_CONVERSION = YES;
				CLANG_WARN_COMMA = YES;
				CLANG_WARN_CONSTANT_CONVERSION = YES;
				CLANG_WARN_DEPRECATED_OBJC_IMPLEMENTATIONS = YES;
				CLANG_WARN_DIRECT_OBJC_ISA_USAGE = YES_ERROR;
				CLANG_WARN_DOCUMENTATION_COMMENTS = YES;
				CLANG_WARN_EMPTY_BODY = YES;
				CLANG_WARN_ENUM_CONVERSION = YES;
				CLANG_WARN_INFINITE_RECURSION = YES;
				CLANG_WARN_INT_CONVERSION = YES;
				CLANG_WARN_NON_LITERAL_NULL_CONVERSION = YES;
				CLANG_WARN_OBJC_IMPLICIT_RETAIN_SELF = YES;
				CLANG_WARN_OBJC_LITERAL_CONVERSION = YES;
				CLANG_WARN_OBJC_ROOT_CLASS = YES_ERROR;
				CLANG_WARN_RANGE_LOOP_ANALYSIS = YES;
				CLANG_WARN_STRICT_PROTOTYPES = YES;
				CLANG_WARN_SUSPICIOUS_MOVE = YES;
				CLANG_WARN_UNGUARDED_AVAILABILITY = YES_AGGRESSIVE;
				CLANG_WARN_UNREACHABLE_CODE = YES;
				CLANG_WARN__DUPLICATE_METHOD_MATCH = YES;
				CODE_SIGN_IDENTITY = "iPhone Developer";
				COPY_PHASE_STRIP = NO;
				DEBUG_INFORMATION_FORMAT = "dwarf-with-dsym";
				ENABLE_NS_ASSERTIONS = NO;
				ENABLE_STRICT_OBJC_MSGSEND = YES;
				GCC_C_LANGUAGE_STANDARD = gnu11;
				GCC_NO_COMMON_BLOCKS = YES;
				GCC_WARN_64_TO_32_BIT_CONVERSION = YES;
				GCC_WARN_ABOUT_RETURN_TYPE = YES_ERROR;
				GCC_WARN_UNDECLARED_SELECTOR = YES;
				GCC_WARN_UNINITIALIZED_AUTOS = YES_AGGRESSIVE;
				GCC_WARN_UNUSED_FUNCTION = YES;
				GCC_WARN_UNUSED_VARIABLE = YES;
				IPHONEOS_DEPLOYMENT_TARGET = 12.1;
				MTL_ENABLE_DEBUG_INFO = NO;
				MTL_FAST_MATH = YES;
				SDKROOT = iphoneos;
				VALIDATE_PRODUCT = YES;
			};
			name = Release;
		};
		3791572421AA7C6000E2CA0D /* Debug */ = {
			isa = XCBuildConfiguration;
			baseConfigurationReference = EEB987D9C62E5B0EDD436098 /* Pods-IGListDemo.debug.xcconfig */;
			buildSettings = {
				ASSETCATALOG_COMPILER_APPICON_NAME = AppIcon;
				CODE_SIGN_STYLE = Automatic;
				DEVELOPMENT_TEAM = 896FUHKD4V;
				INFOPLIST_FILE = IGListDemo/Info.plist;
				LD_RUNPATH_SEARCH_PATHS = (
					"$(inherited)",
					"@executable_path/Frameworks",
				);
				PRODUCT_BUNDLE_IDENTIFIER = "cjlsire-126.com.IGListDemo";
				PRODUCT_NAME = "$(TARGET_NAME)";
				TARGETED_DEVICE_FAMILY = "1,2";
			};
			name = Debug;
		};
		3791572521AA7C6000E2CA0D /* Release */ = {
			isa = XCBuildConfiguration;
			baseConfigurationReference = 0CF43241D91AD2275395CFFD /* Pods-IGListDemo.release.xcconfig */;
			buildSettings = {
				ASSETCATALOG_COMPILER_APPICON_NAME = AppIcon;
				CODE_SIGN_STYLE = Automatic;
				DEVELOPMENT_TEAM = 896FUHKD4V;
				INFOPLIST_FILE = IGListDemo/Info.plist;
				LD_RUNPATH_SEARCH_PATHS = (
					"$(inherited)",
					"@executable_path/Frameworks",
				);
				PRODUCT_BUNDLE_IDENTIFIER = "cjlsire-126.com.IGListDemo";
				PRODUCT_NAME = "$(TARGET_NAME)";
				TARGETED_DEVICE_FAMILY = "1,2";
			};
			name = Release;
		};
		3791572721AA7C6000E2CA0D /* Debug */ = {
			isa = XCBuildConfiguration;
			baseConfigurationReference = 36095DA96ED5F88836A3FE98 /* Pods-IGListDemoTests.debug.xcconfig */;
			buildSettings = {
				BUNDLE_LOADER = "$(TEST_HOST)";
				CODE_SIGN_STYLE = Automatic;
				DEVELOPMENT_TEAM = 896FUHKD4V;
				INFOPLIST_FILE = IGListDemoTests/Info.plist;
				LD_RUNPATH_SEARCH_PATHS = (
					"$(inherited)",
					"@executable_path/Frameworks",
					"@loader_path/Frameworks",
				);
				PRODUCT_BUNDLE_IDENTIFIER = "cjlsire-126.com.IGListDemoTests";
				PRODUCT_NAME = "$(TARGET_NAME)";
				TARGETED_DEVICE_FAMILY = "1,2";
				TEST_HOST = "$(BUILT_PRODUCTS_DIR)/IGListDemo.app/IGListDemo";
			};
			name = Debug;
		};
		3791572821AA7C6000E2CA0D /* Release */ = {
			isa = XCBuildConfiguration;
			baseConfigurationReference = 3F4C28194B9A03CEEDCB3BD5 /* Pods-IGListDemoTests.release.xcconfig */;
			buildSettings = {
				BUNDLE_LOADER = "$(TEST_HOST)";
				CODE_SIGN_STYLE = Automatic;
				DEVELOPMENT_TEAM = 896FUHKD4V;
				INFOPLIST_FILE = IGListDemoTests/Info.plist;
				LD_RUNPATH_SEARCH_PATHS = (
					"$(inherited)",
					"@executable_path/Frameworks",
					"@loader_path/Frameworks",
				);
				PRODUCT_BUNDLE_IDENTIFIER = "cjlsire-126.com.IGListDemoTests";
				PRODUCT_NAME = "$(TARGET_NAME)";
				TARGETED_DEVICE_FAMILY = "1,2";
				TEST_HOST = "$(BUILT_PRODUCTS_DIR)/IGListDemo.app/IGListDemo";
			};
			name = Release;
		};
		3791572A21AA7C6000E2CA0D /* Debug */ = {
			isa = XCBuildConfiguration;
			baseConfigurationReference = 3A196801AA7AA730D097A499 /* Pods-IGListDemoUITests.debug.xcconfig */;
			buildSettings = {
				CODE_SIGN_STYLE = Automatic;
				DEVELOPMENT_TEAM = 896FUHKD4V;
				INFOPLIST_FILE = IGListDemoUITests/Info.plist;
				LD_RUNPATH_SEARCH_PATHS = (
					"$(inherited)",
					"@executable_path/Frameworks",
					"@loader_path/Frameworks",
				);
				PRODUCT_BUNDLE_IDENTIFIER = "cjlsire-126.com.IGListDemoUITests";
				PRODUCT_NAME = "$(TARGET_NAME)";
				TARGETED_DEVICE_FAMILY = "1,2";
				TEST_TARGET_NAME = IGListDemo;
			};
			name = Debug;
		};
		3791572B21AA7C6000E2CA0D /* Release */ = {
			isa = XCBuildConfiguration;
			baseConfigurationReference = 0A7775DB5E5A6D5D8A04F02F /* Pods-IGListDemoUITests.release.xcconfig */;
			buildSettings = {
				CODE_SIGN_STYLE = Automatic;
				DEVELOPMENT_TEAM = 896FUHKD4V;
				INFOPLIST_FILE = IGListDemoUITests/Info.plist;
				LD_RUNPATH_SEARCH_PATHS = (
					"$(inherited)",
					"@executable_path/Frameworks",
					"@loader_path/Frameworks",
				);
				PRODUCT_BUNDLE_IDENTIFIER = "cjlsire-126.com.IGListDemoUITests";
				PRODUCT_NAME = "$(TARGET_NAME)";
				TARGETED_DEVICE_FAMILY = "1,2";
				TEST_TARGET_NAME = IGListDemo;
			};
			name = Release;
		};
/* End XCBuildConfiguration section */

/* Begin XCConfigurationList section */
		379156F221AA7C5F00E2CA0D /* Build configuration list for PBXProject "IGListDemo" */ = {
			isa = XCConfigurationList;
			buildConfigurations = (
				3791572121AA7C6000E2CA0D /* Debug */,
				3791572221AA7C6000E2CA0D /* Release */,
			);
			defaultConfigurationIsVisible = 0;
			defaultConfigurationName = Release;
		};
		3791572321AA7C6000E2CA0D /* Build configuration list for PBXNativeTarget "IGListDemo" */ = {
			isa = XCConfigurationList;
			buildConfigurations = (
				3791572421AA7C6000E2CA0D /* Debug */,
				3791572521AA7C6000E2CA0D /* Release */,
			);
			defaultConfigurationIsVisible = 0;
			defaultConfigurationName = Release;
		};
		3791572621AA7C6000E2CA0D /* Build configuration list for PBXNativeTarget "IGListDemoTests" */ = {
			isa = XCConfigurationList;
			buildConfigurations = (
				3791572721AA7C6000E2CA0D /* Debug */,
				3791572821AA7C6000E2CA0D /* Release */,
			);
			defaultConfigurationIsVisible = 0;
			defaultConfigurationName = Release;
		};
		3791572921AA7C6000E2CA0D /* Build configuration list for PBXNativeTarget "IGListDemoUITests" */ = {
			isa = XCConfigurationList;
			buildConfigurations = (
				3791572A21AA7C6000E2CA0D /* Debug */,
				3791572B21AA7C6000E2CA0D /* Release */,
			);
			defaultConfigurationIsVisible = 0;
			defaultConfigurationName = Release;
		};
/* End XCConfigurationList section */
	};
	rootObject = 379156EF21AA7C5F00E2CA0D /* Project object */;
}
